// !$*UTF8*$!
{
	archiveVersion = 1;
	classes = {
	};
	objectVersion = 46;
	objects = {

/* Begin PBXBuildFile section */
		9411F20E1C579C460090967C /* Stop-short.wav in Resources */ = {isa = PBXBuildFile; fileRef = 9411F20D1C579C460090967C /* Stop-short.wav */; };
		A63E2DB81BFCBB960075A962 /* AVFoundation.framework in Frameworks */ = {isa = PBXBuildFile; fileRef = A63E2DB71BFCBB960075A962 /* AVFoundation.framework */; };
		A63E2DBD1BFCC0330075A962 /* Start.wav in Resources */ = {isa = PBXBuildFile; fileRef = A63E2DBA1BFCC0330075A962 /* Start.wav */; };
		A63E2DBE1BFCC0330075A962 /* Continuous.mp3 in Resources */ = {isa = PBXBuildFile; fileRef = A63E2DBB1BFCC0330075A962 /* Continuous.mp3 */; };
		A674D7611BB986BB005077F5 /* ContentViewController.swift in Sources */ = {isa = PBXBuildFile; fileRef = A674D7601BB986BB005077F5 /* ContentViewController.swift */; };
		A674D7651BBC2DA7005077F5 /* TimerItem.swift in Sources */ = {isa = PBXBuildFile; fileRef = A674D7641BBC2DA7005077F5 /* TimerItem.swift */; };
		A6C86CC31BB59FE100F1F150 /* AppDelegate.swift in Sources */ = {isa = PBXBuildFile; fileRef = A6C86CC21BB59FE100F1F150 /* AppDelegate.swift */; };
		A6C86CC51BB59FE100F1F150 /* ViewController.swift in Sources */ = {isa = PBXBuildFile; fileRef = A6C86CC41BB59FE100F1F150 /* ViewController.swift */; };
		A6C86CC81BB59FE100F1F150 /* Main.storyboard in Resources */ = {isa = PBXBuildFile; fileRef = A6C86CC61BB59FE100F1F150 /* Main.storyboard */; };
		A6C86CCA1BB59FE100F1F150 /* Images.xcassets in Resources */ = {isa = PBXBuildFile; fileRef = A6C86CC91BB59FE100F1F150 /* Images.xcassets */; };
		A6C86CCD1BB59FE100F1F150 /* LaunchScreen.xib in Resources */ = {isa = PBXBuildFile; fileRef = A6C86CCB1BB59FE100F1F150 /* LaunchScreen.xib */; };
		A6C86CD91BB59FE100F1F150 /* stopwatchTests.swift in Sources */ = {isa = PBXBuildFile; fileRef = A6C86CD81BB59FE100F1F150 /* stopwatchTests.swift */; };
		A6EA5F001BC681D200BE2EAF /* ColorItem.swift in Sources */ = {isa = PBXBuildFile; fileRef = A6EA5EFF1BC681D200BE2EAF /* ColorItem.swift */; };
/* End PBXBuildFile section */

/* Begin PBXContainerItemProxy section */
		A6C86CD31BB59FE100F1F150 /* PBXContainerItemProxy */ = {
			isa = PBXContainerItemProxy;
			containerPortal = A6C86CB51BB59FE100F1F150 /* Project object */;
			proxyType = 1;
			remoteGlobalIDString = A6C86CBC1BB59FE100F1F150;
			remoteInfo = stopwatch;
		};
/* End PBXContainerItemProxy section */

/* Begin PBXFileReference section */
		9411F20D1C579C460090967C /* Stop-short.wav */ = {isa = PBXFileReference; lastKnownFileType = audio.wav; path = "Stop-short.wav"; sourceTree = "<group>"; };
		A63E2DB71BFCBB960075A962 /* AVFoundation.framework */ = {isa = PBXFileReference; lastKnownFileType = wrapper.framework; name = AVFoundation.framework; path = System/Library/Frameworks/AVFoundation.framework; sourceTree = SDKROOT; };
		A63E2DBA1BFCC0330075A962 /* Start.wav */ = {isa = PBXFileReference; lastKnownFileType = audio.wav; path = Start.wav; sourceTree = "<group>"; };
		A63E2DBB1BFCC0330075A962 /* Continuous.mp3 */ = {isa = PBXFileReference; lastKnownFileType = audio.mp3; path = Continuous.mp3; sourceTree = "<group>"; };
		A674D7601BB986BB005077F5 /* ContentViewController.swift */ = {isa = PBXFileReference; fileEncoding = 4; lastKnownFileType = sourcecode.swift; path = ContentViewController.swift; sourceTree = "<group>"; };
		A674D7641BBC2DA7005077F5 /* TimerItem.swift */ = {isa = PBXFileReference; fileEncoding = 4; lastKnownFileType = sourcecode.swift; path = TimerItem.swift; sourceTree = "<group>"; };
		A6C86CBD1BB59FE100F1F150 /* Countdown Lists.app */ = {isa = PBXFileReference; explicitFileType = wrapper.application; includeInIndex = 0; path = "Countdown Lists.app"; sourceTree = BUILT_PRODUCTS_DIR; };
		A6C86CC11BB59FE100F1F150 /* Info.plist */ = {isa = PBXFileReference; lastKnownFileType = text.plist.xml; path = Info.plist; sourceTree = "<group>"; };
		A6C86CC21BB59FE100F1F150 /* AppDelegate.swift */ = {isa = PBXFileReference; lastKnownFileType = sourcecode.swift; path = AppDelegate.swift; sourceTree = "<group>"; };
		A6C86CC41BB59FE100F1F150 /* ViewController.swift */ = {isa = PBXFileReference; lastKnownFileType = sourcecode.swift; path = ViewController.swift; sourceTree = "<group>"; };
		A6C86CC71BB59FE100F1F150 /* Base */ = {isa = PBXFileReference; lastKnownFileType = file.storyboard; name = Base; path = Base.lproj/Main.storyboard; sourceTree = "<group>"; };
		A6C86CC91BB59FE100F1F150 /* Images.xcassets */ = {isa = PBXFileReference; lastKnownFileType = folder.assetcatalog; path = Images.xcassets; sourceTree = "<group>"; };
		A6C86CCC1BB59FE100F1F150 /* Base */ = {isa = PBXFileReference; lastKnownFileType = file.xib; name = Base; path = Base.lproj/LaunchScreen.xib; sourceTree = "<group>"; };
		A6C86CD21BB59FE100F1F150 /* countdownlistsTests.xctest */ = {isa = PBXFileReference; explicitFileType = wrapper.cfbundle; includeInIndex = 0; path = countdownlistsTests.xctest; sourceTree = BUILT_PRODUCTS_DIR; };
		A6C86CD71BB59FE100F1F150 /* Info.plist */ = {isa = PBXFileReference; lastKnownFileType = text.plist.xml; path = Info.plist; sourceTree = "<group>"; };
		A6C86CD81BB59FE100F1F150 /* stopwatchTests.swift */ = {isa = PBXFileReference; lastKnownFileType = sourcecode.swift; path = stopwatchTests.swift; sourceTree = "<group>"; };
		A6EA5EFF1BC681D200BE2EAF /* ColorItem.swift */ = {isa = PBXFileReference; fileEncoding = 4; lastKnownFileType = sourcecode.swift; path = ColorItem.swift; sourceTree = "<group>"; };
/* End PBXFileReference section */

/* Begin PBXFrameworksBuildPhase section */
		A6C86CBA1BB59FE100F1F150 /* Frameworks */ = {
			isa = PBXFrameworksBuildPhase;
			buildActionMask = 2147483647;
			files = (
				A63E2DB81BFCBB960075A962 /* AVFoundation.framework in Frameworks */,
			);
			runOnlyForDeploymentPostprocessing = 0;
		};
		A6C86CCF1BB59FE100F1F150 /* Frameworks */ = {
			isa = PBXFrameworksBuildPhase;
			buildActionMask = 2147483647;
			files = (
			);
			runOnlyForDeploymentPostprocessing = 0;
		};
/* End PBXFrameworksBuildPhase section */

/* Begin PBXGroup section */
		A63E2DB41BFCB7C90075A962 /* Resources */ = {
			isa = PBXGroup;
			children = (
				9411F20D1C579C460090967C /* Stop-short.wav */,
				A63E2DBA1BFCC0330075A962 /* Start.wav */,
				A63E2DBB1BFCC0330075A962 /* Continuous.mp3 */,
			);
			name = Resources;
			sourceTree = "<group>";
		};
		A6C86CB41BB59FE100F1F150 = {
			isa = PBXGroup;
			children = (
				A63E2DB71BFCBB960075A962 /* AVFoundation.framework */,
				A6C86CBF1BB59FE100F1F150 /* stopwatch */,
				A6C86CD51BB59FE100F1F150 /* stopwatchTests */,
				A6C86CBE1BB59FE100F1F150 /* Products */,
			);
			sourceTree = "<group>";
		};
		A6C86CBE1BB59FE100F1F150 /* Products */ = {
			isa = PBXGroup;
			children = (
				A6C86CBD1BB59FE100F1F150 /* Countdown Lists.app */,
				A6C86CD21BB59FE100F1F150 /* countdownlistsTests.xctest */,
			);
			name = Products;
			sourceTree = "<group>";
		};
		A6C86CBF1BB59FE100F1F150 /* stopwatch */ = {
			isa = PBXGroup;
			children = (
				A63E2DB41BFCB7C90075A962 /* Resources */,
				A6C86CC21BB59FE100F1F150 /* AppDelegate.swift */,
				A6C86CC41BB59FE100F1F150 /* ViewController.swift */,
				A674D7601BB986BB005077F5 /* ContentViewController.swift */,
				A674D7641BBC2DA7005077F5 /* TimerItem.swift */,
				A6EA5EFF1BC681D200BE2EAF /* ColorItem.swift */,
				A6C86CC61BB59FE100F1F150 /* Main.storyboard */,
				A6C86CC91BB59FE100F1F150 /* Images.xcassets */,
				A6C86CCB1BB59FE100F1F150 /* LaunchScreen.xib */,
				A6C86CC01BB59FE100F1F150 /* Supporting Files */,
			);
			path = stopwatch;
			sourceTree = "<group>";
		};
		A6C86CC01BB59FE100F1F150 /* Supporting Files */ = {
			isa = PBXGroup;
			children = (
				A6C86CC11BB59FE100F1F150 /* Info.plist */,
			);
			name = "Supporting Files";
			sourceTree = "<group>";
		};
		A6C86CD51BB59FE100F1F150 /* stopwatchTests */ = {
			isa = PBXGroup;
			children = (
				A6C86CD81BB59FE100F1F150 /* stopwatchTests.swift */,
				A6C86CD61BB59FE100F1F150 /* Supporting Files */,
			);
			path = stopwatchTests;
			sourceTree = "<group>";
		};
		A6C86CD61BB59FE100F1F150 /* Supporting Files */ = {
			isa = PBXGroup;
			children = (
				A6C86CD71BB59FE100F1F150 /* Info.plist */,
			);
			name = "Supporting Files";
			sourceTree = "<group>";
		};
/* End PBXGroup section */

/* Begin PBXNativeTarget section */
		A6C86CBC1BB59FE100F1F150 /* countdownlists */ = {
			isa = PBXNativeTarget;
			buildConfigurationList = A6C86CDC1BB59FE100F1F150 /* Build configuration list for PBXNativeTarget "countdownlists" */;
			buildPhases = (
				A6C86CB91BB59FE100F1F150 /* Sources */,
				A6C86CBA1BB59FE100F1F150 /* Frameworks */,
				A6C86CBB1BB59FE100F1F150 /* Resources */,
			);
			buildRules = (
			);
			dependencies = (
			);
			name = countdownlists;
			productName = stopwatch;
			productReference = A6C86CBD1BB59FE100F1F150 /* Countdown Lists.app */;
			productType = "com.apple.product-type.application";
		};
		A6C86CD11BB59FE100F1F150 /* countdownlistsTests */ = {
			isa = PBXNativeTarget;
			buildConfigurationList = A6C86CDF1BB59FE100F1F150 /* Build configuration list for PBXNativeTarget "countdownlistsTests" */;
			buildPhases = (
				A6C86CCE1BB59FE100F1F150 /* Sources */,
				A6C86CCF1BB59FE100F1F150 /* Frameworks */,
				A6C86CD01BB59FE100F1F150 /* Resources */,
			);
			buildRules = (
			);
			dependencies = (
				A6C86CD41BB59FE100F1F150 /* PBXTargetDependency */,
			);
			name = countdownlistsTests;
			productName = stopwatchTests;
			productReference = A6C86CD21BB59FE100F1F150 /* countdownlistsTests.xctest */;
			productType = "com.apple.product-type.bundle.unit-test";
		};
/* End PBXNativeTarget section */

/* Begin PBXProject section */
		A6C86CB51BB59FE100F1F150 /* Project object */ = {
			isa = PBXProject;
			attributes = {
				LastSwiftUpdateCheck = 0700;
				LastUpgradeCheck = 0700;
				ORGANIZATIONNAME = "Grow Association";
				TargetAttributes = {
					A6C86CBC1BB59FE100F1F150 = {
						CreatedOnToolsVersion = 6.4;
						DevelopmentTeam = 88UJWXG665;
					};
					A6C86CD11BB59FE100F1F150 = {
						CreatedOnToolsVersion = 6.4;
						TestTargetID = A6C86CBC1BB59FE100F1F150;
					};
				};
			};
			buildConfigurationList = A6C86CB81BB59FE100F1F150 /* Build configuration list for PBXProject "countdownlists" */;
			compatibilityVersion = "Xcode 3.2";
			developmentRegion = English;
			hasScannedForEncodings = 0;
			knownRegions = (
				en,
				Base,
			);
			mainGroup = A6C86CB41BB59FE100F1F150;
			productRefGroup = A6C86CBE1BB59FE100F1F150 /* Products */;
			projectDirPath = "";
			projectRoot = "";
			targets = (
				A6C86CBC1BB59FE100F1F150 /* countdownlists */,
				A6C86CD11BB59FE100F1F150 /* countdownlistsTests */,
			);
		};
/* End PBXProject section */

/* Begin PBXResourcesBuildPhase section */
		A6C86CBB1BB59FE100F1F150 /* Resources */ = {
			isa = PBXResourcesBuildPhase;
			buildActionMask = 2147483647;
			files = (
				A63E2DBE1BFCC0330075A962 /* Continuous.mp3 in Resources */,
				A6C86CC81BB59FE100F1F150 /* Main.storyboard in Resources */,
				9411F20E1C579C460090967C /* Stop-short.wav in Resources */,
				A6C86CCD1BB59FE100F1F150 /* LaunchScreen.xib in Resources */,
				A63E2DBD1BFCC0330075A962 /* Start.wav in Resources */,
				A6C86CCA1BB59FE100F1F150 /* Images.xcassets in Resources */,
			);
			runOnlyForDeploymentPostprocessing = 0;
		};
		A6C86CD01BB59FE100F1F150 /* Resources */ = {
			isa = PBXResourcesBuildPhase;
			buildActionMask = 2147483647;
			files = (
			);
			runOnlyForDeploymentPostprocessing = 0;
		};
/* End PBXResourcesBuildPhase section */

/* Begin PBXSourcesBuildPhase section */
		A6C86CB91BB59FE100F1F150 /* Sources */ = {
			isa = PBXSourcesBuildPhase;
			buildActionMask = 2147483647;
			files = (
				A6C86CC51BB59FE100F1F150 /* ViewController.swift in Sources */,
				A674D7611BB986BB005077F5 /* ContentViewController.swift in Sources */,
				A6C86CC31BB59FE100F1F150 /* AppDelegate.swift in Sources */,
				A6EA5F001BC681D200BE2EAF /* ColorItem.swift in Sources */,
				A674D7651BBC2DA7005077F5 /* TimerItem.swift in Sources */,
			);
			runOnlyForDeploymentPostprocessing = 0;
		};
		A6C86CCE1BB59FE100F1F150 /* Sources */ = {
			isa = PBXSourcesBuildPhase;
			buildActionMask = 2147483647;
			files = (
				A6C86CD91BB59FE100F1F150 /* stopwatchTests.swift in Sources */,
			);
			runOnlyForDeploymentPostprocessing = 0;
		};
/* End PBXSourcesBuildPhase section */

/* Begin PBXTargetDependency section */
		A6C86CD41BB59FE100F1F150 /* PBXTargetDependency */ = {
			isa = PBXTargetDependency;
			target = A6C86CBC1BB59FE100F1F150 /* countdownlists */;
			targetProxy = A6C86CD31BB59FE100F1F150 /* PBXContainerItemProxy */;
		};
/* End PBXTargetDependency section */

/* Begin PBXVariantGroup section */
		A6C86CC61BB59FE100F1F150 /* Main.storyboard */ = {
			isa = PBXVariantGroup;
			children = (
				A6C86CC71BB59FE100F1F150 /* Base */,
			);
			name = Main.storyboard;
			sourceTree = "<group>";
		};
		A6C86CCB1BB59FE100F1F150 /* LaunchScreen.xib */ = {
			isa = PBXVariantGroup;
			children = (
				A6C86CCC1BB59FE100F1F150 /* Base */,
			);
			name = LaunchScreen.xib;
			sourceTree = "<group>";
		};
/* End PBXVariantGroup section */

/* Begin XCBuildConfiguration section */
		A6C86CDA1BB59FE100F1F150 /* Debug */ = {
			isa = XCBuildConfiguration;
			buildSettings = {
				ALWAYS_SEARCH_USER_PATHS = NO;
				CLANG_CXX_LANGUAGE_STANDARD = "gnu++0x";
				CLANG_CXX_LIBRARY = "libc++";
				CLANG_ENABLE_MODULES = YES;
				CLANG_ENABLE_OBJC_ARC = YES;
				CLANG_WARN_BOOL_CONVERSION = YES;
				CLANG_WARN_CONSTANT_CONVERSION = YES;
				CLANG_WARN_DIRECT_OBJC_ISA_USAGE = YES_ERROR;
				CLANG_WARN_EMPTY_BODY = YES;
				CLANG_WARN_ENUM_CONVERSION = YES;
				CLANG_WARN_INT_CONVERSION = YES;
				CLANG_WARN_OBJC_ROOT_CLASS = YES_ERROR;
				CLANG_WARN_UNREACHABLE_CODE = YES;
				CLANG_WARN__DUPLICATE_METHOD_MATCH = YES;
				COPY_PHASE_STRIP = NO;
				DEBUG_INFORMATION_FORMAT = "dwarf-with-dsym";
				ENABLE_STRICT_OBJC_MSGSEND = YES;
				ENABLE_TESTABILITY = YES;
				GCC_C_LANGUAGE_STANDARD = gnu99;
				GCC_DYNAMIC_NO_PIC = NO;
				GCC_NO_COMMON_BLOCKS = YES;
				GCC_OPTIMIZATION_LEVEL = 0;
				GCC_PREPROCESSOR_DEFINITIONS = (
					"DEBUG=1",
					"$(inherited)",
				);
				GCC_SYMBOLS_PRIVATE_EXTERN = NO;
				GCC_WARN_64_TO_32_BIT_CONVERSION = YES;
				GCC_WARN_ABOUT_RETURN_TYPE = YES_ERROR;
				GCC_WARN_UNDECLARED_SELECTOR = YES;
				GCC_WARN_UNINITIALIZED_AUTOS = YES_AGGRESSIVE;
				GCC_WARN_UNUSED_FUNCTION = YES;
				GCC_WARN_UNUSED_VARIABLE = YES;
				IPHONEOS_DEPLOYMENT_TARGET = 8.4;
				MTL_ENABLE_DEBUG_INFO = YES;
				ONLY_ACTIVE_ARCH = YES;
				PRODUCT_NAME = "Countdown Debug";
				SDKROOT = iphoneos;
				SWIFT_OPTIMIZATION_LEVEL = "-Onone";
				TARGETED_DEVICE_FAMILY = "1,2";
			};
			name = Debug;
		};
		A6C86CDB1BB59FE100F1F150 /* Release */ = {
			isa = XCBuildConfiguration;
			buildSettings = {
				ALWAYS_SEARCH_USER_PATHS = NO;
				CLANG_CXX_LANGUAGE_STANDARD = "gnu++0x";
				CLANG_CXX_LIBRARY = "libc++";
				CLANG_ENABLE_MODULES = YES;
				CLANG_ENABLE_OBJC_ARC = YES;
				CLANG_WARN_BOOL_CONVERSION = YES;
				CLANG_WARN_CONSTANT_CONVERSION = YES;
				CLANG_WARN_DIRECT_OBJC_ISA_USAGE = YES_ERROR;
				CLANG_WARN_EMPTY_BODY = YES;
				CLANG_WARN_ENUM_CONVERSION = YES;
				CLANG_WARN_INT_CONVERSION = YES;
				CLANG_WARN_OBJC_ROOT_CLASS = YES_ERROR;
				CLANG_WARN_UNREACHABLE_CODE = YES;
				CLANG_WARN__DUPLICATE_METHOD_MATCH = YES;
				COPY_PHASE_STRIP = NO;
				DEBUG_INFORMATION_FORMAT = "dwarf-with-dsym";
				ENABLE_NS_ASSERTIONS = NO;
				ENABLE_STRICT_OBJC_MSGSEND = YES;
				GCC_C_LANGUAGE_STANDARD = gnu99;
				GCC_NO_COMMON_BLOCKS = YES;
				GCC_WARN_64_TO_32_BIT_CONVERSION = YES;
				GCC_WARN_ABOUT_RETURN_TYPE = YES_ERROR;
				GCC_WARN_UNDECLARED_SELECTOR = YES;
				GCC_WARN_UNINITIALIZED_AUTOS = YES_AGGRESSIVE;
				GCC_WARN_UNUSED_FUNCTION = YES;
				GCC_WARN_UNUSED_VARIABLE = YES;
				IPHONEOS_DEPLOYMENT_TARGET = 8.4;
				MTL_ENABLE_DEBUG_INFO = NO;
				PRODUCT_NAME = Countdown;
				SDKROOT = iphoneos;
				TARGETED_DEVICE_FAMILY = "1,2";
				VALIDATE_PRODUCT = YES;
			};
			name = Release;
		};
		A6C86CDD1BB59FE100F1F150 /* Debug */ = {
			isa = XCBuildConfiguration;
			buildSettings = {
				ASSETCATALOG_COMPILER_APPICON_NAME = AppIcon;
				CODE_SIGN_IDENTITY = "iPhone Developer";
				INFOPLIST_FILE = stopwatch/Info.plist;
				IPHONEOS_DEPLOYMENT_TARGET = 8.0;
				LD_RUNPATH_SEARCH_PATHS = "$(inherited) @executable_path/Frameworks";
				PRODUCT_BUNDLE_IDENTIFIER = com.growassociation.countdownlists;
				PRODUCT_NAME = "Countdown Lists";
				PROVISIONING_PROFILE = "e521fa17-a8b1-4c10-9e15-10ec10aca0c9";
			};
			name = Debug;
		};
		A6C86CDE1BB59FE100F1F150 /* Release */ = {
			isa = XCBuildConfiguration;
			buildSettings = {
				ASSETCATALOG_COMPILER_APPICON_NAME = AppIcon;
				CODE_SIGN_IDENTITY = "iPhone Developer";
				INFOPLIST_FILE = stopwatch/Info.plist;
				IPHONEOS_DEPLOYMENT_TARGET = 8.0;
				LD_RUNPATH_SEARCH_PATHS = "$(inherited) @executable_path/Frameworks";
				PRODUCT_BUNDLE_IDENTIFIER = com.growassociation.countdownlists;
				PRODUCT_NAME = "Countdown Lists";
				PROVISIONING_PROFILE = "e521fa17-a8b1-4c10-9e15-10ec10aca0c9";
			};
			name = Release;
		};
		A6C86CE01BB59FE100F1F150 /* Debug */ = {
			isa = XCBuildConfiguration;
			buildSettings = {
				BUNDLE_LOADER = "$(TEST_HOST)";
				FRAMEWORK_SEARCH_PATHS = (
					"$(SDKROOT)/Developer/Library/Frameworks",
					"$(inherited)",
				);
				GCC_PREPROCESSOR_DEFINITIONS = (
					"DEBUG=1",
					"$(inherited)",
				);
				INFOPLIST_FILE = stopwatchTests/Info.plist;
				LD_RUNPATH_SEARCH_PATHS = "$(inherited) @executable_path/Frameworks @loader_path/Frameworks";
				PRODUCT_BUNDLE_IDENTIFIER = "com.growassociation.$(PRODUCT_NAME:rfc1034identifier)";
				PRODUCT_NAME = countdownlistsTests;
				TEST_HOST = "$(BUILT_PRODUCTS_DIR)/countdownlists.app/countdownlists";
			};
			name = Debug;
		};
		A6C86CE11BB59FE100F1F150 /* Release */ = {
			isa = XCBuildConfiguration;
			buildSettings = {
				BUNDLE_LOADER = "$(TEST_HOST)";
				FRAMEWORK_SEARCH_PATHS = (
					"$(SDKROOT)/Developer/Library/Frameworks",
					"$(inherited)",
				);
				INFOPLIST_FILE = stopwatchTests/Info.plist;
				LD_RUNPATH_SEARCH_PATHS = "$(inherited) @executable_path/Frameworks @loader_path/Frameworks";
				PRODUCT_BUNDLE_IDENTIFIER = "com.growassociation.$(PRODUCT_NAME:rfc1034identifier)";
				PRODUCT_NAME = countdownlistsTests;
				TEST_HOST = "$(BUILT_PRODUCTS_DIR)/countdownlists.app/countdownlists";
			};
			name = Release;
		};
/* End XCBuildConfiguration section */

/* Begin XCConfigurationList section */
		A6C86CB81BB59FE100F1F150 /* Build configuration list for PBXProject "countdownlists" */ = {
			isa = XCConfigurationList;
			buildConfigurations = (
				A6C86CDA1BB59FE100F1F150 /* Debug */,
				A6C86CDB1BB59FE100F1F150 /* Release */,
			);
			defaultConfigurationIsVisible = 0;
			defaultConfigurationName = Release;
		};
		A6C86CDC1BB59FE100F1F150 /* Build configuration list for PBXNativeTarget "countdownlists" */ = {
			isa = XCConfigurationList;
			buildConfigurations = (
				A6C86CDD1BB59FE100F1F150 /* Debug */,
				A6C86CDE1BB59FE100F1F150 /* Release */,
			);
			defaultConfigurationIsVisible = 0;
			defaultConfigurationName = Release;
		};
		A6C86CDF1BB59FE100F1F150 /* Build configuration list for PBXNativeTarget "countdownlistsTests" */ = {
			isa = XCConfigurationList;
			buildConfigurations = (
				A6C86CE01BB59FE100F1F150 /* Debug */,
				A6C86CE11BB59FE100F1F150 /* Release */,
			);
			defaultConfigurationIsVisible = 0;
			defaultConfigurationName = Release;
		};
/* End XCConfigurationList section */
	};
	rootObject = A6C86CB51BB59FE100F1F150 /* Project object */;
}
